
Microsoft Visual Studio Solution File, Format Version 12.00
# Visual Studio Version 16
VisualStudioVersion = 16.0.29613.14
MinimumVisualStudioVersion = 10.0.40219.1
Project("{FAE04EC0-301F-11D3-BF4B-00C04F79EFBC}") = "StudySkills.UI", "StudySkills.UI\StudySkills.UI.csproj", "{011A22AD-0582-4FED-97D4-974D4AB3649E}"
EndProject
Global
	GlobalSection(SolutionConfigurationPlatforms) = preSolution
		Debug|Any CPU = Debug|Any CPU
		Release|Any CPU = Release|Any CPU
	EndGlobalSection
	GlobalSection(ProjectConfigurationPlatforms) = postSolution
		{011A22AD-0582-4FED-97D4-974D4AB3649E}.Debug|Any CPU.ActiveCfg = Debug|Any CPU
		{011A22AD-0582-4FED-97D4-974D4AB3649E}.Debug|Any CPU.Build.0 = Debug|Any CPU
		{011A22AD-0582-4FED-97D4-974D4AB3649E}.Release|Any CPU.ActiveCfg = Release|Any CPU
		{011A22AD-0582-4FED-97D4-974D4AB3649E}.Release|Any CPU.Build.0 = Release|Any CPU
	EndGlobalSection
	GlobalSection(SolutionProperties) = preSolution
		HideSolutionNode = FALSE
	EndGlobalSection
	GlobalSection(ExtensibilityGlobals) = postSolution
		SolutionGuid = {8F51D8AA-20FD-47E6-BA61-D706FE9B5AE2}
	EndGlobalSection
EndGlobal
